
Microsoft Visual Studio Solution File, Format Version 12.00
# Visual Studio 15
VisualStudioVersion = 15.0.28010.2046
MinimumVisualStudioVersion = 10.0.40219.1
Project("{8BC9CEB8-8B4A-11D0-8D11-00A0C91BC942}") = "BinarySearchTreeSebastianSchimper", "BinarySearchTreeSebastianSchimper\BinarySearchTreeSebastianSchimper.vcxproj", "{0C2E6BDE-FFFD-4E49-9096-728D0875E279}"
EndProject
Global
	GlobalSection(SolutionConfigurationPlatforms) = preSolution
		Debug|x64 = Debug|x64
		Debug|x86 = Debug|x86
		Release|x64 = Release|x64
		Release|x86 = Release|x86
	EndGlobalSection
	GlobalSection(ProjectConfigurationPlatforms) = postSolution
		{0C2E6BDE-FFFD-4E49-9096-728D0875E279}.Debug|x64.ActiveCfg = Debug|x64
		{0C2E6BDE-FFFD-4E49-9096-728D0875E279}.Debug|x64.Build.0 = Debug|x64
		{0C2E6BDE-FFFD-4E49-9096-728D0875E279}.Debug|x86.ActiveCfg = Debug|Win32
		{0C2E6BDE-FFFD-4E49-9096-728D0875E279}.Debug|x86.Build.0 = Debug|Win32
		{0C2E6BDE-FFFD-4E49-9096-728D0875E279}.Release|x64.ActiveCfg = Release|x64
		{0C2E6BDE-FFFD-4E49-9096-728D0875E279}.Release|x64.Build.0 = Release|x64
		{0C2E6BDE-FFFD-4E49-9096-728D0875E279}.Release|x86.ActiveCfg = Release|Win32
		{0C2E6BDE-FFFD-4E49-9096-728D0875E279}.Release|x86.Build.0 = Release|Win32
	EndGlobalSection
	GlobalSection(SolutionProperties) = preSolution
		HideSolutionNode = FALSE
	EndGlobalSection
	GlobalSection(ExtensibilityGlobals) = postSolution
		SolutionGuid = {1E5B8C51-81CC-431A-9A4B-255D3AC3EE87}
	EndGlobalSection
EndGlobal
